
Microsoft Visual Studio Solution File, Format Version 12.00
# Visual Studio Version 16
VisualStudioVersion = 16.0.31005.135
MinimumVisualStudioVersion = 10.0.40219.1
Project("{FAE04EC0-301F-11D3-BF4B-00C04F79EFBC}") = "InvoiceRegister", "InvoiceRegister.csproj", "{62A2625C-0763-4430-A57F-14DDE4FF64EE}"
EndProject
Global
	GlobalSection(SolutionConfigurationPlatforms) = preSolution
		Debug|Any CPU = Debug|Any CPU
		Release|Any CPU = Release|Any CPU
	EndGlobalSection
	GlobalSection(ProjectConfigurationPlatforms) = postSolution
		{62A2625C-0763-4430-A57F-14DDE4FF64EE}.Debug|Any CPU.ActiveCfg = Debug|Any CPU
		{62A2625C-0763-4430-A57F-14DDE4FF64EE}.Debug|Any CPU.Build.0 = Debug|Any CPU
		{62A2625C-0763-4430-A57F-14DDE4FF64EE}.Release|Any CPU.ActiveCfg = Release|Any CPU
		{62A2625C-0763-4430-A57F-14DDE4FF64EE}.Release|Any CPU.Build.0 = Release|Any CPU
	EndGlobalSection
	GlobalSection(SolutionProperties) = preSolution
		HideSolutionNode = FALSE
	EndGlobalSection
	GlobalSection(ExtensibilityGlobals) = postSolution
		SolutionGuid = {DCAE0FC2-1752-4512-BBF3-CDAD7E5BCB79}
	EndGlobalSection
EndGlobal
