
Microsoft Visual Studio Solution File, Format Version 12.00
# Visual Studio Version 16
VisualStudioVersion = 16.0.31005.135
MinimumVisualStudioVersion = 10.0.40219.1
Project("{FAE04EC0-301F-11D3-BF4B-00C04F79EFBC}") = "Zoo", "Zoo.csproj", "{96247096-F84F-44A6-9E58-F224CCEAF965}"
EndProject
Global
	GlobalSection(SolutionConfigurationPlatforms) = preSolution
		Debug|Any CPU = Debug|Any CPU
		Release|Any CPU = Release|Any CPU
	EndGlobalSection
	GlobalSection(ProjectConfigurationPlatforms) = postSolution
		{96247096-F84F-44A6-9E58-F224CCEAF965}.Debug|Any CPU.ActiveCfg = Debug|Any CPU
		{96247096-F84F-44A6-9E58-F224CCEAF965}.Debug|Any CPU.Build.0 = Debug|Any CPU
		{96247096-F84F-44A6-9E58-F224CCEAF965}.Release|Any CPU.ActiveCfg = Release|Any CPU
		{96247096-F84F-44A6-9E58-F224CCEAF965}.Release|Any CPU.Build.0 = Release|Any CPU
	EndGlobalSection
	GlobalSection(SolutionProperties) = preSolution
		HideSolutionNode = FALSE
	EndGlobalSection
	GlobalSection(ExtensibilityGlobals) = postSolution
		SolutionGuid = {29C2F689-45D9-4539-9629-98B169DB12F2}
	EndGlobalSection
EndGlobal
