
Microsoft Visual Studio Solution File, Format Version 12.00
# Visual Studio Version 16
VisualStudioVersion = 16.0.31005.135
MinimumVisualStudioVersion = 10.0.40219.1
Project("{FAE04EC0-301F-11D3-BF4B-00C04F79EFBC}") = "StredoskolskePrihlasky", "StredoskolskePrihlasky.csproj", "{2BC8A880-96DB-4A05-B148-F9F9F030F698}"
EndProject
Global
	GlobalSection(SolutionConfigurationPlatforms) = preSolution
		Debug|Any CPU = Debug|Any CPU
		Release|Any CPU = Release|Any CPU
	EndGlobalSection
	GlobalSection(ProjectConfigurationPlatforms) = postSolution
		{2BC8A880-96DB-4A05-B148-F9F9F030F698}.Debug|Any CPU.ActiveCfg = Debug|Any CPU
		{2BC8A880-96DB-4A05-B148-F9F9F030F698}.Debug|Any CPU.Build.0 = Debug|Any CPU
		{2BC8A880-96DB-4A05-B148-F9F9F030F698}.Release|Any CPU.ActiveCfg = Release|Any CPU
		{2BC8A880-96DB-4A05-B148-F9F9F030F698}.Release|Any CPU.Build.0 = Release|Any CPU
	EndGlobalSection
	GlobalSection(SolutionProperties) = preSolution
		HideSolutionNode = FALSE
	EndGlobalSection
	GlobalSection(ExtensibilityGlobals) = postSolution
		SolutionGuid = {7A328184-2A2A-4DCD-983B-7CDEBF5BA598}
	EndGlobalSection
EndGlobal
